
Microsoft Visual Studio Solution File, Format Version 12.00
# Visual Studio Version 16
VisualStudioVersion = 16.0.30621.155
MinimumVisualStudioVersion = 10.0.40219.1
Project("{FAE04EC0-301F-11D3-BF4B-00C04F79EFBC}") = "MathOperation", "Lab_polymorphism\MathOperation.csproj", "{8D6D3416-369F-426B-9531-974E2AA82B01}"
EndProject
Project("{FAE04EC0-301F-11D3-BF4B-00C04F79EFBC}") = "Animals", "Animals\Animals.csproj", "{3587D032-DA23-441A-A34A-342F7C961C33}"
EndProject
Global
	GlobalSection(SolutionConfigurationPlatforms) = preSolution
		Debug|Any CPU = Debug|Any CPU
		Release|Any CPU = Release|Any CPU
	EndGlobalSection
	GlobalSection(ProjectConfigurationPlatforms) = postSolution
		{8D6D3416-369F-426B-9531-974E2AA82B01}.Debug|Any CPU.ActiveCfg = Debug|Any CPU
		{8D6D3416-369F-426B-9531-974E2AA82B01}.Debug|Any CPU.Build.0 = Debug|Any CPU
		{8D6D3416-369F-426B-9531-974E2AA82B01}.Release|Any CPU.ActiveCfg = Release|Any CPU
		{8D6D3416-369F-426B-9531-974E2AA82B01}.Release|Any CPU.Build.0 = Release|Any CPU
		{3587D032-DA23-441A-A34A-342F7C961C33}.Debug|Any CPU.ActiveCfg = Debug|Any CPU
		{3587D032-DA23-441A-A34A-342F7C961C33}.Debug|Any CPU.Build.0 = Debug|Any CPU
		{3587D032-DA23-441A-A34A-342F7C961C33}.Release|Any CPU.ActiveCfg = Release|Any CPU
		{3587D032-DA23-441A-A34A-342F7C961C33}.Release|Any CPU.Build.0 = Release|Any CPU
	EndGlobalSection
	GlobalSection(SolutionProperties) = preSolution
		HideSolutionNode = FALSE
	EndGlobalSection
	GlobalSection(ExtensibilityGlobals) = postSolution
		SolutionGuid = {1B40AE16-5345-4062-86E9-3A99F1AFEADC}
	EndGlobalSection
EndGlobal
